// !$*UTF8*$!
{
	archiveVersion = 1;
	classes = {
	};
	objectVersion = 46;
	objects = {

/* Begin PBXBuildFile section */
		3AD21FFB1C8DA5AF00ECD70B /* main.m in Sources */ = {isa = PBXBuildFile; fileRef = 3AD21FFA1C8DA5AF00ECD70B /* main.m */; };
/* End PBXBuildFile section */

/* Begin PBXCopyFilesBuildPhase section */
		3AD21FF51C8DA5AE00ECD70B /* CopyFiles */ = {
			isa = PBXCopyFilesBuildPhase;
			buildActionMask = 2147483647;
			dstPath = /usr/share/man/man1/;
			dstSubfolderSpec = 0;
			files = (
			);
			runOnlyForDeploymentPostprocessing = 1;
		};
/* End PBXCopyFilesBuildPhase section */

/* Begin PBXFileReference section */
		3AD21FF71C8DA5AE00ECD70B /* anagram */ = {isa = PBXFileReference; explicitFileType = "compiled.mach-o.executable"; includeInIndex = 0; path = anagram; sourceTree = BUILT_PRODUCTS_DIR; };
		3AD21FFA1C8DA5AF00ECD70B /* main.m */ = {isa = PBXFileReference; lastKnownFileType = sourcecode.c.objc; path = main.m; sourceTree = "<group>"; };
/* End PBXFileReference section */

/* Begin PBXFrameworksBuildPhase section */
		3AD21FF41C8DA5AE00ECD70B /* Frameworks */ = {
			isa = PBXFrameworksBuildPhase;
			buildActionMask = 2147483647;
			files = (
			);
			runOnlyForDeploymentPostprocessing = 0;
		};
/* End PBXFrameworksBuildPhase section */

/* Begin PBXGroup section */
		3AD21FEE1C8DA5AD00ECD70B = {
			isa = PBXGroup;
			children = (
				3AD21FF91C8DA5AE00ECD70B /* anagram */,
				3AD21FF81C8DA5AE00ECD70B /* Products */,
			);
			sourceTree = "<group>";
		};
		3AD21FF81C8DA5AE00ECD70B /* Products */ = {
			isa = PBXGroup;
			children = (
				3AD21FF71C8DA5AE00ECD70B /* anagram */,
			);
			name = Products;
			sourceTree = "<group>";
		};
		3AD21FF91C8DA5AE00ECD70B /* anagram */ = {
			isa = PBXGroup;
			children = (
				3AD21FFA1C8DA5AF00ECD70B /* main.m */,
			);
			path = anagram;
			sourceTree = "<group>";
		};
/* End PBXGroup section */

/* Begin PBXNativeTarget section */
		3AD21FF61C8DA5AE00ECD70B /* anagram */ = {
			isa = PBXNativeTarget;
			buildConfigurationList = 3AD21FFE1C8DA5AF00ECD70B /* Build configuration list for PBXNativeTarget "anagram" */;
			buildPhases = (
				3AD21FF31C8DA5AE00ECD70B /* Sources */,
				3AD21FF41C8DA5AE00ECD70B /* Frameworks */,
				3AD21FF51C8DA5AE00ECD70B /* CopyFiles */,
			);
			buildRules = (
			);
			dependencies = (
			);
			name = anagram;
			productName = anagram;
			productReference = 3AD21FF71C8DA5AE00ECD70B /* anagram */;
			productType = "com.apple.product-type.tool";
		};
/* End PBXNativeTarget section */

/* Begin PBXProject section */
		3AD21FEF1C8DA5AE00ECD70B /* Project object */ = {
			isa = PBXProject;
			attributes = {
				LastUpgradeCheck = 0720;
				ORGANIZATIONNAME = AT;
				TargetAttributes = {
					3AD21FF61C8DA5AE00ECD70B = {
						CreatedOnToolsVersion = 7.2.1;
					};
				};
			};
			buildConfigurationList = 3AD21FF21C8DA5AE00ECD70B /* Build configuration list for PBXProject "anagram" */;
			compatibilityVersion = "Xcode 3.2";
			developmentRegion = English;
			hasScannedForEncodings = 0;
			knownRegions = (
				en,
			);
			mainGroup = 3AD21FEE1C8DA5AD00ECD70B;
			productRefGroup = 3AD21FF81C8DA5AE00ECD70B /* Products */;
			projectDirPath = "";
			projectRoot = "";
			targets = (
				3AD21FF61C8DA5AE00ECD70B /* anagram */,
			);
		};
/* End PBXProject section */

/* Begin PBXSourcesBuildPhase section */
		3AD21FF31C8DA5AE00ECD70B /* Sources */ = {
			isa = PBXSourcesBuildPhase;
			buildActionMask = 2147483647;
			files = (
				3AD21FFB1C8DA5AF00ECD70B /* main.m in Sources */,
			);
			runOnlyForDeploymentPostprocessing = 0;
		};
/* End PBXSourcesBuildPhase section */

/* Begin XCBuildConfiguration section */
		3AD21FFC1C8DA5AF00ECD70B /* Debug */ = {
			isa = XCBuildConfiguration;
			buildSettings = {
				ALWAYS_SEARCH_USER_PATHS = NO;
				CLANG_CXX_LANGUAGE_STANDARD = "gnu++0x";
				CLANG_CXX_LIBRARY = "libc++";
				CLANG_ENABLE_MODULES = YES;
				CLANG_ENABLE_OBJC_ARC = YES;
				CLANG_WARN_BOOL_CONVERSION = YES;
				CLANG_WARN_CONSTANT_CONVERSION = YES;
				CLANG_WARN_DIRECT_OBJC_ISA_USAGE = YES_ERROR;
				CLANG_WARN_EMPTY_BODY = YES;
				CLANG_WARN_ENUM_CONVERSION = YES;
				CLANG_WARN_INT_CONVERSION = YES;
				CLANG_WARN_OBJC_ROOT_CLASS = YES_ERROR;
				CLANG_WARN_UNREACHABLE_CODE = YES;
				CLANG_WARN__DUPLICATE_METHOD_MATCH = YES;
				CODE_SIGN_IDENTITY = "-";
				COPY_PHASE_STRIP = NO;
				DEBUG_INFORMATION_FORMAT = dwarf;
				ENABLE_STRICT_OBJC_MSGSEND = YES;
				ENABLE_TESTABILITY = YES;
				GCC_C_LANGUAGE_STANDARD = gnu99;
				GCC_DYNAMIC_NO_PIC = NO;
				GCC_NO_COMMON_BLOCKS = YES;
				GCC_OPTIMIZATION_LEVEL = 0;
				GCC_PREPROCESSOR_DEFINITIONS = (
					"DEBUG=1",
					"$(inherited)",
				);
				GCC_WARN_64_TO_32_BIT_CONVERSION = YES;
				GCC_WARN_ABOUT_RETURN_TYPE = YES_ERROR;
				GCC_WARN_UNDECLARED_SELECTOR = YES;
				GCC_WARN_UNINITIALIZED_AUTOS = YES_AGGRESSIVE;
				GCC_WARN_UNUSED_FUNCTION = YES;
				GCC_WARN_UNUSED_VARIABLE = YES;
				MACOSX_DEPLOYMENT_TARGET = 10.11;
				MTL_ENABLE_DEBUG_INFO = YES;
				ONLY_ACTIVE_ARCH = YES;
				SDKROOT = macosx;
			};
			name = Debug;
		};
		3AD21FFD1C8DA5AF00ECD70B /* Release */ = {
			isa = XCBuildConfiguration;
			buildSettings = {
				ALWAYS_SEARCH_USER_PATHS = NO;
				CLANG_CXX_LANGUAGE_STANDARD = "gnu++0x";
				CLANG_CXX_LIBRARY = "libc++";
				CLANG_ENABLE_MODULES = YES;
				CLANG_ENABLE_OBJC_ARC = YES;
				CLANG_WARN_BOOL_CONVERSION = YES;
				CLANG_WARN_CONSTANT_CONVERSION = YES;
				CLANG_WARN_DIRECT_OBJC_ISA_USAGE = YES_ERROR;
				CLANG_WARN_EMPTY_BODY = YES;
				CLANG_WARN_ENUM_CONVERSION = YES;
				CLANG_WARN_INT_CONVERSION = YES;
				CLANG_WARN_OBJC_ROOT_CLASS = YES_ERROR;
				CLANG_WARN_UNREACHABLE_CODE = YES;
				CLANG_WARN__DUPLICATE_METHOD_MATCH = YES;
				CODE_SIGN_IDENTITY = "-";
				COPY_PHASE_STRIP = NO;
				DEBUG_INFORMATION_FORMAT = "dwarf-with-dsym";
				ENABLE_NS_ASSERTIONS = NO;
				ENABLE_STRICT_OBJC_MSGSEND = YES;
				GCC_C_LANGUAGE_STANDARD = gnu99;
				GCC_NO_COMMON_BLOCKS = YES;
				GCC_WARN_64_TO_32_BIT_CONVERSION = YES;
				GCC_WARN_ABOUT_RETURN_TYPE = YES_ERROR;
				GCC_WARN_UNDECLARED_SELECTOR = YES;
				GCC_WARN_UNINITIALIZED_AUTOS = YES_AGGRESSIVE;
				GCC_WARN_UNUSED_FUNCTION = YES;
				GCC_WARN_UNUSED_VARIABLE = YES;
				MACOSX_DEPLOYMENT_TARGET = 10.11;
				MTL_ENABLE_DEBUG_INFO = NO;
				SDKROOT = macosx;
			};
			name = Release;
		};
		3AD21FFF1C8DA5AF00ECD70B /* Debug */ = {
			isa = XCBuildConfiguration;
			buildSettings = {
				PRODUCT_NAME = "$(TARGET_NAME)";
			};
			name = Debug;
		};
		3AD220001C8DA5AF00ECD70B /* Release */ = {
			isa = XCBuildConfiguration;
			buildSettings = {
				PRODUCT_NAME = "$(TARGET_NAME)";
			};
			name = Release;
		};
/* End XCBuildConfiguration section */

/* Begin XCConfigurationList section */
		3AD21FF21C8DA5AE00ECD70B /* Build configuration list for PBXProject "anagram" */ = {
			isa = XCConfigurationList;
			buildConfigurations = (
				3AD21FFC1C8DA5AF00ECD70B /* Debug */,
				3AD21FFD1C8DA5AF00ECD70B /* Release */,
			);
			defaultConfigurationIsVisible = 0;
			defaultConfigurationName = Release;
		};
		3AD21FFE1C8DA5AF00ECD70B /* Build configuration list for PBXNativeTarget "anagram" */ = {
			isa = XCConfigurationList;
			buildConfigurations = (
				3AD21FFF1C8DA5AF00ECD70B /* Debug */,
				3AD220001C8DA5AF00ECD70B /* Release */,
			);
			defaultConfigurationIsVisible = 0;
		};
/* End XCConfigurationList section */
	};
	rootObject = 3AD21FEF1C8DA5AE00ECD70B /* Project object */;
}
